
Microsoft Visual Studio Solution File, Format Version 12.00
# Visual Studio Version 16
VisualStudioVersion = 16.0.31515.178
MinimumVisualStudioVersion = 10.0.40219.1
Project("{888888A0-9F3D-457C-B088-3A5042F75D52}") = "CourseProject3", "CourseProject3.pyproj", "{34F98DFA-41B5-4F1E-ACC4-786EA07F90D6}"
EndProject
Global
	GlobalSection(SolutionConfigurationPlatforms) = preSolution
		Debug|Any CPU = Debug|Any CPU
		Release|Any CPU = Release|Any CPU
	EndGlobalSection
	GlobalSection(ProjectConfigurationPlatforms) = postSolution
		{34F98DFA-41B5-4F1E-ACC4-786EA07F90D6}.Debug|Any CPU.ActiveCfg = Debug|Any CPU
		{34F98DFA-41B5-4F1E-ACC4-786EA07F90D6}.Release|Any CPU.ActiveCfg = Release|Any CPU
	EndGlobalSection
	GlobalSection(SolutionProperties) = preSolution
		HideSolutionNode = FALSE
	EndGlobalSection
	GlobalSection(ExtensibilityGlobals) = postSolution
		SolutionGuid = {FE67A405-C6E9-4E0A-A7AB-2A8A6184E450}
	EndGlobalSection
EndGlobal
